
Microsoft Visual Studio Solution File, Format Version 12.00
# Visual Studio 15
VisualStudioVersion = 15.0.28307.271
MinimumVisualStudioVersion = 10.0.40219.1
Project("{FAE04EC0-301F-11D3-BF4B-00C04F79EFBC}") = "MyScriptureJournal", "MyScriptureJournal\MyScriptureJournal.csproj", "{535110F9-3291-42A2-8097-AEB186CB3D60}"
EndProject
Global
	GlobalSection(SolutionConfigurationPlatforms) = preSolution
		Debug|Any CPU = Debug|Any CPU
		Release|Any CPU = Release|Any CPU
	EndGlobalSection
	GlobalSection(ProjectConfigurationPlatforms) = postSolution
		{535110F9-3291-42A2-8097-AEB186CB3D60}.Debug|Any CPU.ActiveCfg = Debug|Any CPU
		{535110F9-3291-42A2-8097-AEB186CB3D60}.Debug|Any CPU.Build.0 = Debug|Any CPU
		{535110F9-3291-42A2-8097-AEB186CB3D60}.Release|Any CPU.ActiveCfg = Release|Any CPU
		{535110F9-3291-42A2-8097-AEB186CB3D60}.Release|Any CPU.Build.0 = Release|Any CPU
	EndGlobalSection
	GlobalSection(SolutionProperties) = preSolution
		HideSolutionNode = FALSE
	EndGlobalSection
	GlobalSection(ExtensibilityGlobals) = postSolution
		SolutionGuid = {BAAA7808-D44A-49CC-8E74-A3710052CCCA}
	EndGlobalSection
EndGlobal
